{
  "lockfileVersion": 1,
  "configVersion": 1,
  "workspaces": {
    "": {
      "name": "@stryker-mutator/bun-runner",
      "dependencies": {
        "@stryker-mutator/api": "^9.4.0",
        "@stryker-mutator/util": "^9.4.0",
        "fast-xml-parser": "^4.0.0",
        "tslib": "^2.8.0",
      },
      "devDependencies": {
        "@types/node": "^20.0.0",
        "typescript": "^5.0.0",
      },
      "peerDependencies": {
        "bun": "^1.3.0",
      },
    },
  },
  "packages": {
    "@oven/bun-darwin-aarch64": ["@oven/bun-darwin-aarch64@1.3.6", "", { "os": "darwin", "cpu": "arm64" }, "sha512-27rypIapNkYboOSylkf1tD9UW9Ado2I+P1NBL46Qz29KmOjTL6WuJ7mHDC5O66CYxlOkF5r93NPDAC3lFHYBXw=="],

    "@oven/bun-darwin-x64": ["@oven/bun-darwin-x64@1.3.6", "", { "os": "darwin", "cpu": "x64" }, "sha512-I82xGzPkBxzBKgbl8DsA0RfMQCWTWjNmLjIEkW1ECiv3qK02kHGQ5FGUr/29L/SuvnGsULW4tBTRNZiMzL37nA=="],

    "@oven/bun-darwin-x64-baseline": ["@oven/bun-darwin-x64-baseline@1.3.6", "", { "os": "darwin", "cpu": "x64" }, "sha512-nqtr+pTsHqusYpG2OZc6s+AmpWDB/FmBvstrK0y5zkti4OqnCuu7Ev2xNjS7uyb47NrAFF40pWqkpaio5XEd7w=="],

    "@oven/bun-linux-aarch64": ["@oven/bun-linux-aarch64@1.3.6", "", { "os": "linux", "cpu": "arm64" }, "sha512-YaQEAYjBanoOOtpqk/c5GGcfZIyxIIkQ2m1TbHjedRmJNwxzWBhGinSARFkrRIc3F8pRIGAopXKvJ/2rjN1LzQ=="],

    "@oven/bun-linux-aarch64-musl": ["@oven/bun-linux-aarch64-musl@1.3.6", "", { "os": "linux", "cpu": "arm64" }, "sha512-FR+iJt17rfFgYgpxL3M67AUwujOgjw52ZJzB9vElI5jQXNjTyOKf8eH4meSk4vjlYF3h/AjKYd6pmN0OIUlVKQ=="],

    "@oven/bun-linux-x64": ["@oven/bun-linux-x64@1.3.6", "", { "os": "linux", "cpu": "x64" }, "sha512-egfngj0dfJ868cf30E7B+ye9KUWSebYxOG4l9YP5eWeMXCtenpenx0zdKtAn9qxJgEJym5AN6trtlk+J6x8Lig=="],

    "@oven/bun-linux-x64-baseline": ["@oven/bun-linux-x64-baseline@1.3.6", "", { "os": "linux", "cpu": "x64" }, "sha512-jRmnX18ak8WzqLrex3siw0PoVKyIeI5AiCv4wJLgSs7VKfOqrPycfHIWfIX2jdn7ngqbHFPzI09VBKANZ4Pckg=="],

    "@oven/bun-linux-x64-musl": ["@oven/bun-linux-x64-musl@1.3.6", "", { "os": "linux", "cpu": "x64" }, "sha512-YeXcJ9K6vJAt1zSkeA21J6pTe7PgDMLTHKGI3nQBiMYnYf7Ob3K+b/ChSCznrJG7No5PCPiQPg4zTgA+BOTmSA=="],

    "@oven/bun-linux-x64-musl-baseline": ["@oven/bun-linux-x64-musl-baseline@1.3.6", "", { "os": "linux", "cpu": "x64" }, "sha512-7FjVnxnRTp/AgWqSQRT/Vt9TYmvnZ+4M+d9QOKh/Lf++wIFXFGSeAgD6bV1X/yr2UPVmZDk+xdhr2XkU7l2v3w=="],

    "@oven/bun-windows-x64": ["@oven/bun-windows-x64@1.3.6", "", { "os": "win32", "cpu": "x64" }, "sha512-Sr1KwUcbB0SEpnSPO22tNJppku2khjFluEst+mTGhxHzAGQTQncNeJxDnt3F15n+p9Q+mlcorxehd68n1siikQ=="],

    "@oven/bun-windows-x64-baseline": ["@oven/bun-windows-x64-baseline@1.3.6", "", { "os": "win32", "cpu": "x64" }, "sha512-PFUa7JL4lGoyyppeS4zqfuoXXih+gSE0XxhDMrCPVEUev0yhGNd/tbWBvcdpYnUth80owENoGjc8s5Knopv9wA=="],

    "@stryker-mutator/api": ["@stryker-mutator/api@9.4.0", "", { "dependencies": { "mutation-testing-metrics": "3.5.1", "mutation-testing-report-schema": "3.5.1", "tslib": "~2.8.0", "typed-inject": "~5.0.0" } }, "sha512-X7jY63wvWAp6ScQT3DO8aaYyCLTl3I7UjKLuRQ9uUKvtMb11wAtMz0ILahAVttV7T/9S2S2epw1zqrqMA7waqQ=="],

    "@stryker-mutator/util": ["@stryker-mutator/util@9.4.0", "", {}, "sha512-xtL8hCY/3LvorlaM19bdbTvTL822Bh1S7L4s9z0wO4XvzU9ZXv5GsLeMVnkcOxRWJ1VLWO97U87eM12HZXyzag=="],

    "@types/node": ["@types/node@20.19.30", "", { "dependencies": { "undici-types": "~6.21.0" } }, "sha512-WJtwWJu7UdlvzEAUm484QNg5eAoq5QR08KDNx7g45Usrs2NtOPiX8ugDqmKdXkyL03rBqU5dYNYVQetEpBHq2g=="],

    "bun": ["bun@1.3.6", "", { "optionalDependencies": { "@oven/bun-darwin-aarch64": "1.3.6", "@oven/bun-darwin-x64": "1.3.6", "@oven/bun-darwin-x64-baseline": "1.3.6", "@oven/bun-linux-aarch64": "1.3.6", "@oven/bun-linux-aarch64-musl": "1.3.6", "@oven/bun-linux-x64": "1.3.6", "@oven/bun-linux-x64-baseline": "1.3.6", "@oven/bun-linux-x64-musl": "1.3.6", "@oven/bun-linux-x64-musl-baseline": "1.3.6", "@oven/bun-windows-x64": "1.3.6", "@oven/bun-windows-x64-baseline": "1.3.6" }, "os": [ "linux", "win32", "darwin", ], "cpu": [ "x64", "arm64", ], "bin": { "bun": "bin/bun.exe", "bunx": "bin/bunx.exe" } }, "sha512-Tn98GlZVN2WM7+lg/uGn5DzUao37Yc0PUz7yzYHdeF5hd+SmHQGbCUIKE4Sspdgtxn49LunK3mDNBC2Qn6GJjw=="],

    "fast-xml-parser": ["fast-xml-parser@4.5.3", "", { "dependencies": { "strnum": "^1.1.1" }, "bin": { "fxparser": "src/cli/cli.js" } }, "sha512-RKihhV+SHsIUGXObeVy9AXiBbFwkVk7Syp8XgwN5U3JV416+Gwp/GO9i0JYKmikykgz/UHRrrV4ROuZEo/T0ig=="],

    "mutation-testing-metrics": ["mutation-testing-metrics@3.5.1", "", { "dependencies": { "mutation-testing-report-schema": "3.5.1" } }, "sha512-mNgEcnhyBDckgoKg1kjG/4Uo3aBCW0WdVUxINVEazMTggPtqGfxaAlQ9GjItyudu/8S9DuspY3xUaIRLozFG9g=="],

    "mutation-testing-report-schema": ["mutation-testing-report-schema@3.5.1", "", {}, "sha512-tu5ATRxGH3sf2igiTKonxlCsWnWcD3CYr3IXGUym7yTh3Mj5NoJsu7bDkJY99uOrEp6hQByC2nRUPEGfe6EnAg=="],

    "strnum": ["strnum@1.1.2", "", {}, "sha512-vrN+B7DBIoTTZjnPNewwhx6cBA/H+IS7rfW68n7XxC1y7uoiGQBxaKzqucGUgavX15dJgiGztLJ8vxuEzwqBdA=="],

    "tslib": ["tslib@2.8.1", "", {}, "sha512-oJFu94HQb+KVduSUQL7wnpmqnfmLsOA/nAh6b6EH0wCEoK0/mPeXU6c3wKDV83MkOuHPRHtSXKKU99IBazS/2w=="],

    "typed-inject": ["typed-inject@5.0.0", "", {}, "sha512-0Ql2ORqBORLMdAW89TQKZsb1PQkFGImFfVmncXWe7a+AA3+7dh7Se9exxZowH4kbnlvKEFkMxUYdHUpjYWFJaA=="],

    "typescript": ["typescript@5.9.3", "", { "bin": { "tsc": "bin/tsc", "tsserver": "bin/tsserver" } }, "sha512-jl1vZzPDinLr9eUt3J/t7V6FgNEw9QjvBPdysz9KfQDD41fQrC2Y4vKQdiaUpFT4bXlb1RHhLpp8wtm6M5TgSw=="],

    "undici-types": ["undici-types@6.21.0", "", {}, "sha512-iwDZqg0QAGrg9Rav5H4n0M64c3mkR59cJ6wQp+7C4nI0gsmExaedaYLNO44eT4AtBBwjbTiGPMlt2Md0T9H9JQ=="],
  }
}
